
Microsoft Visual Studio Solution File, Format Version 12.00
# Visual Studio Version 17
VisualStudioVersion = 17.13.35825.156 d17.13
MinimumVisualStudioVersion = 10.0.40219.1
Project("{FAE04EC0-301F-11D3-BF4B-00C04F79EFBC}") = "Lommeregner", "Lommeregner.csproj", "{E46935FC-A705-4445-B4F3-1234F5901CEE}"
EndProject
Project("{FAE04EC0-301F-11D3-BF4B-00C04F79EFBC}") = "xUnitTest", "..\xUnitTest\xUnitTest.csproj", "{EFD3FCF0-1715-4FA5-859A-D622BF898812}"
EndProject
Global
	GlobalSection(SolutionConfigurationPlatforms) = preSolution
		Debug|Any CPU = Debug|Any CPU
		Release|Any CPU = Release|Any CPU
	EndGlobalSection
	GlobalSection(ProjectConfigurationPlatforms) = postSolution
		{E46935FC-A705-4445-B4F3-1234F5901CEE}.Debug|Any CPU.ActiveCfg = Debug|Any CPU
		{E46935FC-A705-4445-B4F3-1234F5901CEE}.Debug|Any CPU.Build.0 = Debug|Any CPU
		{E46935FC-A705-4445-B4F3-1234F5901CEE}.Release|Any CPU.ActiveCfg = Release|Any CPU
		{E46935FC-A705-4445-B4F3-1234F5901CEE}.Release|Any CPU.Build.0 = Release|Any CPU
		{EFD3FCF0-1715-4FA5-859A-D622BF898812}.Debug|Any CPU.ActiveCfg = Debug|Any CPU
		{EFD3FCF0-1715-4FA5-859A-D622BF898812}.Debug|Any CPU.Build.0 = Debug|Any CPU
		{EFD3FCF0-1715-4FA5-859A-D622BF898812}.Release|Any CPU.ActiveCfg = Release|Any CPU
		{EFD3FCF0-1715-4FA5-859A-D622BF898812}.Release|Any CPU.Build.0 = Release|Any CPU
	EndGlobalSection
	GlobalSection(SolutionProperties) = preSolution
		HideSolutionNode = FALSE
	EndGlobalSection
	GlobalSection(ExtensibilityGlobals) = postSolution
		SolutionGuid = {08FEA2B6-EBBB-48E3-B93A-54DFDA4BF066}
	EndGlobalSection
EndGlobal
